<?xml version="1.0"?>
<CONFIG>
  <ProjectOptions>
    <PathDelim Value="\"/>
    <Version Value="7"/>
    <General>
      <Flags>
        <LRSInOutputDirectory Value="False"/>
      </Flags>
      <MainUnit Value="0"/>
      <TargetFileExt Value=".exe"/>
    </General>
    <VersionInfo>
      <ProjectVersion Value=""/>
      <Language Value=""/>
      <CharSet Value=""/>
    </VersionInfo>
    <PublishOptions>
      <Version Value="2"/>
      <IgnoreBinaries Value="False"/>
      <IncludeFileFilter Value="*.(pas|pp|inc|lfm|lpr|lrs|lpi|lpk|sh|xml)"/>
      <ExcludeFileFilter Value="*.(bak|ppu|ppw|o|so);*~;backup"/>
    </PublishOptions>
    <RunParams>
      <local>
        <FormatVersion Value="1"/>
        <LaunchingApplication PathPlusParams="\usr\X11R6\bin\xterm -T 'Lazarus Run Output' -e $(LazarusDir)\tools\runwait.sh $(TargetCmdLine)"/>
      </local>
    </RunParams>
    <RequiredPackages Count="1">
      <Item1>
        <PackageName Value="LCL"/>
      </Item1>
    </RequiredPackages>
    <Units Count="8">
      <Unit0>
        <Filename Value="pLuaRecords.lpr"/>
        <IsPartOfProject Value="True"/>
        <UnitName Value="pLuaRecords"/>
        <UsageCount Value="25"/>
      </Unit0>
      <Unit1>
        <Filename Value="forms\MainForm.pas"/>
        <IsPartOfProject Value="True"/>
        <ComponentName Value="Form1"/>
        <ResourceBaseClass Value="Form"/>
        <UnitName Value="MainForm"/>
        <CursorPos X="28" Y="62"/>
        <TopLine Value="55"/>
        <UsageCount Value="25"/>
      </Unit1>
      <Unit2>
        <Filename Value="..\..\pLuaRecord.pas"/>
        <UnitName Value="pLuaRecord"/>
        <CursorPos X="1" Y="374"/>
        <TopLine Value="224"/>
        <UsageCount Value="12"/>
        <Bookmarks Count="1">
          <Item0 X="32" Y="338" ID="1"/>
        </Bookmarks>
      </Unit2>
      <Unit3>
        <Filename Value="..\..\pLua.pas"/>
        <UnitName Value="pLua"/>
        <CursorPos X="1" Y="1"/>
        <TopLine Value="279"/>
        <UsageCount Value="12"/>
      </Unit3>
      <Unit4>
        <Filename Value="lib\RecTest.pas"/>
        <IsPartOfProject Value="True"/>
        <UnitName Value="RecTest"/>
        <CursorPos X="1" Y="72"/>
        <TopLine Value="54"/>
        <UsageCount Value="25"/>
      </Unit4>
      <Unit5>
        <Filename Value="..\..\uWordList.pas"/>
        <UnitName Value="uWordList"/>
        <CursorPos X="30" Y="127"/>
        <TopLine Value="1"/>
        <UsageCount Value="11"/>
      </Unit5>
      <Unit6>
        <Filename Value="..\..\pLuaObject.pas"/>
        <UnitName Value="pLuaObject"/>
        <CursorPos X="27" Y="244"/>
        <TopLine Value="241"/>
        <UsageCount Value="10"/>
      </Unit6>
      <Unit7>
        <Filename Value="..\..\LuaWrapper.pas"/>
        <UnitName Value="LuaWrapper"/>
        <CursorPos X="1" Y="425"/>
        <TopLine Value="407"/>
        <UsageCount Value="11"/>
      </Unit7>
    </Units>
    <JumpHistory Count="0" HistoryIndex="-1"/>
  </ProjectOptions>
  <CompilerOptions>
    <Version Value="8"/>
    <PathDelim Value="\"/>
    <SearchPaths>
      <OtherUnitFiles Value="..\..\;lib\;forms\"/>
      <UnitOutputDirectory Value="bin"/>
    </SearchPaths>
    <Linking>
      <Options>
        <Win32>
          <GraphicApplication Value="True"/>
        </Win32>
      </Options>
    </Linking>
    <Other>
      <CompilerPath Value="$(CompPath)"/>
    </Other>
  </CompilerOptions>
  <Debugging>
    <BreakPoints Count="1">
      <Item1>
        <Source Value="lib\RecTest.pas"/>
        <Line Value="72"/>
      </Item1>
    </BreakPoints>
    <Watches Count="6">
      <Item1>
        <Expression Value="res[0]"/>
      </Item1>
      <Item2>
        <Expression Value="res"/>
      </Item2>
      <Item3>
        <Expression Value="nargs"/>
      </Item3>
      <Item4>
        <Expression Value="result"/>
      </Item4>
      <Item5>
        <Expression Value="results^[0]"/>
      </Item5>
      <Item6>
        <Expression Value="vr"/>
      </Item6>
    </Watches>
    <Exceptions Count="2">
      <Item1>
        <Name Value="ECodetoolError"/>
      </Item1>
      <Item2>
        <Name Value="EFOpenError"/>
      </Item2>
    </Exceptions>
  </Debugging>
</CONFIG>
