<?xml version="1.0"?>
<CONFIG>
  <ProjectOptions>
    <PathDelim Value="\"/>
    <Version Value="5"/>
    <General>
      <MainUnit Value="0"/>
      <IconPath Value="./"/>
      <TargetFileExt Value=".exe"/>
      <ActiveEditorIndexAtStart Value="0"/>
    </General>
    <VersionInfo>
      <ProjectVersion Value=""/>
      <Language Value=""/>
      <CharSet Value=""/>
    </VersionInfo>
    <PublishOptions>
      <Version Value="2"/>
      <IgnoreBinaries Value="False"/>
      <IncludeFileFilter Value="*.(pas|pp|inc|lfm|lpr|lrs|lpi|lpk|sh|xml)"/>
      <ExcludeFileFilter Value="*.(bak|ppu|ppw|o|so);*~;backup"/>
    </PublishOptions>
    <RunParams>
      <local>
        <FormatVersion Value="1"/>
        <LaunchingApplication PathPlusParams="/usr/X11R6/bin/xterm -T 'Lazarus Run Output' -e $(LazarusDir)/tools/runwait.sh $(TargetCmdLine)"/>
      </local>
    </RunParams>
    <RequiredPackages Count="1">
      <Item1>
        <PackageName Value="LCL"/>
      </Item1>
    </RequiredPackages>
    <Units Count="10">
      <Unit0>
        <Filename Value="LuaObjects.lpr"/>
        <IsPartOfProject Value="True"/>
        <UnitName Value="LuaObjects"/>
        <CursorPos X="45" Y="15"/>
        <TopLine Value="1"/>
        <UsageCount Value="22"/>
      </Unit0>
      <Unit1>
        <Filename Value="forms\MainForm.pas"/>
        <ComponentName Value="frmMain"/>
        <IsPartOfProject Value="True"/>
        <ResourceFilename Value="forms\MainForm.lrs"/>
        <UnitName Value="MainForm"/>
        <CursorPos X="43" Y="47"/>
        <TopLine Value="35"/>
        <EditorIndex Value="0"/>
        <UsageCount Value="22"/>
        <Loaded Value="True"/>
      </Unit1>
      <Unit2>
        <Filename Value="..\..\LuaObject.pas"/>
        <UnitName Value="LuaObject"/>
        <CursorPos X="42" Y="108"/>
        <TopLine Value="88"/>
        <EditorIndex Value="6"/>
        <UsageCount Value="11"/>
        <Loaded Value="True"/>
      </Unit2>
      <Unit3>
        <Filename Value="..\..\pLuaObject.pas"/>
        <UnitName Value="pLuaObject"/>
        <CursorPos X="1" Y="465"/>
        <TopLine Value="457"/>
        <EditorIndex Value="7"/>
        <UsageCount Value="11"/>
        <Loaded Value="True"/>
      </Unit3>
      <Unit4>
        <Filename Value="..\..\pLua.pas"/>
        <UnitName Value="pLua"/>
        <CursorPos X="1" Y="130"/>
        <TopLine Value="104"/>
        <EditorIndex Value="8"/>
        <UsageCount Value="11"/>
        <Loaded Value="True"/>
      </Unit4>
      <Unit5>
        <Filename Value="lib\LuaButton.pas"/>
        <IsPartOfProject Value="True"/>
        <UnitName Value="LuaButton"/>
        <CursorPos X="25" Y="81"/>
        <TopLine Value="1"/>
        <EditorIndex Value="1"/>
        <UsageCount Value="22"/>
        <Bookmarks Count="1">
          <Item0 X="26" Y="72" ID="1"/>
        </Bookmarks>
        <Loaded Value="True"/>
      </Unit5>
      <Unit6>
        <Filename Value="..\..\..\..\..\lcl\buttons.pp"/>
        <UnitName Value="Buttons"/>
        <CursorPos X="16" Y="65"/>
        <TopLine Value="44"/>
        <EditorIndex Value="2"/>
        <UsageCount Value="11"/>
        <Loaded Value="True"/>
      </Unit6>
      <Unit7>
        <Filename Value="..\..\..\..\..\lcl\stdctrls.pp"/>
        <UnitName Value="StdCtrls"/>
        <CursorPos X="19" Y="1053"/>
        <TopLine Value="1032"/>
        <EditorIndex Value="3"/>
        <UsageCount Value="11"/>
        <Loaded Value="True"/>
      </Unit7>
      <Unit8>
        <Filename Value="..\..\..\..\..\lcl\controls.pp"/>
        <UnitName Value="Controls"/>
        <CursorPos X="27" Y="1268"/>
        <TopLine Value="1247"/>
        <EditorIndex Value="4"/>
        <UsageCount Value="11"/>
        <Loaded Value="True"/>
      </Unit8>
      <Unit9>
        <Filename Value="..\..\..\..\..\fpc\2.1.5\source\rtl\objpas\classes\classesh.inc"/>
        <CursorPos X="55" Y="110"/>
        <TopLine Value="89"/>
        <EditorIndex Value="5"/>
        <UsageCount Value="11"/>
        <Loaded Value="True"/>
      </Unit9>
    </Units>
    <JumpHistory Count="0" HistoryIndex="-1"/>
  </ProjectOptions>
  <CompilerOptions>
    <Version Value="5"/>
    <PathDelim Value="\"/>
    <SearchPaths>
      <OtherUnitFiles Value="forms\;lib\;..\..\"/>
      <UnitOutputDirectory Value="bin"/>
    </SearchPaths>
    <CodeGeneration>
      <Generate Value="Faster"/>
    </CodeGeneration>
    <Linking>
      <Options>
        <Win32>
          <GraphicApplication Value="True"/>
        </Win32>
      </Options>
    </Linking>
    <Other>
      <CompilerPath Value="$(CompPath)"/>
    </Other>
  </CompilerOptions>
  <Debugging>
    <BreakPoints Count="2">
      <Item1>
        <Source Value="..\..\pLuaObject.pas"/>
        <Line Value="126"/>
      </Item1>
      <Item2>
        <Source Value="..\Turtle\lib\Turtle.pas"/>
        <Line Value="117"/>
      </Item2>
    </BreakPoints>
    <Watches Count="6">
      <Item1>
        <Expression Value="res[0]"/>
      </Item1>
      <Item2>
        <Expression Value="res"/>
      </Item2>
      <Item3>
        <Expression Value="nargs"/>
      </Item3>
      <Item4>
        <Expression Value="result"/>
      </Item4>
      <Item5>
        <Expression Value="results^[0]"/>
      </Item5>
      <Item6>
        <Expression Value="vr"/>
      </Item6>
    </Watches>
    <Exceptions Count="2">
      <Item1>
        <Name Value="ECodetoolError"/>
      </Item1>
      <Item2>
        <Name Value="EFOpenError"/>
      </Item2>
    </Exceptions>
  </Debugging>
</CONFIG>
