<?xml version="1.0"?>
<CONFIG>
  <ProjectOptions>
    <PathDelim Value="\"/>
    <Version Value="5"/>
    <General>
      <MainUnit Value="0"/>
      <IconPath Value="./"/>
      <TargetFileExt Value=".exe"/>
      <ActiveEditorIndexAtStart Value="3"/>
    </General>
    <VersionInfo>
      <ProjectVersion Value=""/>
      <Language Value=""/>
      <CharSet Value=""/>
    </VersionInfo>
    <PublishOptions>
      <Version Value="2"/>
      <IgnoreBinaries Value="False"/>
      <IncludeFileFilter Value="*.(pas|pp|inc|lfm|lpr|lrs|lpi|lpk|sh|xml)"/>
      <ExcludeFileFilter Value="*.(bak|ppu|ppw|o|so);*~;backup"/>
    </PublishOptions>
    <RunParams>
      <local>
        <FormatVersion Value="1"/>
        <LaunchingApplication PathPlusParams="/usr/X11R6/bin/xterm -T 'Lazarus Run Output' -e $(LazarusDir)/tools/runwait.sh $(TargetCmdLine)"/>
      </local>
    </RunParams>
    <RequiredPackages Count="1">
      <Item1>
        <PackageName Value="LCL"/>
      </Item1>
    </RequiredPackages>
    <Units Count="12">
      <Unit0>
        <Filename Value="pLuaObjects.lpr"/>
        <IsPartOfProject Value="True"/>
        <UnitName Value="pLuaObjects"/>
        <CursorPos X="45" Y="15"/>
        <TopLine Value="1"/>
        <UsageCount Value="31"/>
      </Unit0>
      <Unit1>
        <Filename Value="forms\MainForm.pas"/>
        <ComponentName Value="frmMain"/>
        <IsPartOfProject Value="True"/>
        <ResourceFilename Value="forms\MainForm.lrs"/>
        <UnitName Value="MainForm"/>
        <CursorPos X="12" Y="23"/>
        <TopLine Value="13"/>
        <EditorIndex Value="0"/>
        <UsageCount Value="31"/>
        <Loaded Value="True"/>
      </Unit1>
      <Unit2>
        <Filename Value="..\..\LuaObject.pas"/>
        <UnitName Value="LuaObject"/>
        <CursorPos X="15" Y="456"/>
        <TopLine Value="456"/>
        <UsageCount Value="15"/>
        <Bookmarks Count="1">
          <Item0 X="3" Y="481" ID="1"/>
        </Bookmarks>
      </Unit2>
      <Unit3>
        <Filename Value="..\..\pLuaObject.pas"/>
        <UnitName Value="pLuaObject"/>
        <CursorPos X="1" Y="814"/>
        <TopLine Value="191"/>
        <EditorIndex Value="3"/>
        <UsageCount Value="15"/>
        <Bookmarks Count="2">
          <Item0 X="7" Y="913" ID="1"/>
          <Item1 X="48" Y="296" ID="2"/>
        </Bookmarks>
        <Loaded Value="True"/>
      </Unit3>
      <Unit4>
        <Filename Value="..\..\pLua.pas"/>
        <UnitName Value="pLua"/>
        <CursorPos X="1" Y="130"/>
        <TopLine Value="104"/>
        <EditorIndex Value="4"/>
        <UsageCount Value="15"/>
        <Loaded Value="True"/>
      </Unit4>
      <Unit5>
        <Filename Value="lib\LuaButton.pas"/>
        <IsPartOfProject Value="True"/>
        <UnitName Value="LuaButton"/>
        <CursorPos X="1" Y="112"/>
        <TopLine Value="91"/>
        <EditorIndex Value="2"/>
        <UsageCount Value="31"/>
        <Loaded Value="True"/>
      </Unit5>
      <Unit6>
        <Filename Value="..\..\..\..\..\lcl\buttons.pp"/>
        <UnitName Value="Buttons"/>
        <CursorPos X="17" Y="44"/>
        <TopLine Value="44"/>
        <UsageCount Value="10"/>
      </Unit6>
      <Unit7>
        <Filename Value="..\..\..\..\..\lcl\stdctrls.pp"/>
        <UnitName Value="StdCtrls"/>
        <CursorPos X="19" Y="1053"/>
        <TopLine Value="1032"/>
        <UsageCount Value="10"/>
      </Unit7>
      <Unit8>
        <Filename Value="..\..\..\..\..\lcl\controls.pp"/>
        <UnitName Value="Controls"/>
        <CursorPos X="27" Y="1268"/>
        <TopLine Value="1247"/>
        <UsageCount Value="10"/>
      </Unit8>
      <Unit9>
        <Filename Value="..\..\..\..\..\fpc\2.1.5\source\rtl\objpas\classes\classesh.inc"/>
        <CursorPos X="55" Y="110"/>
        <TopLine Value="89"/>
        <UsageCount Value="10"/>
      </Unit9>
      <Unit10>
        <Filename Value="..\..\LuaWrapper.pas"/>
        <UnitName Value="LuaWrapper"/>
        <CursorPos X="19" Y="320"/>
        <TopLine Value="316"/>
        <EditorIndex Value="1"/>
        <UsageCount Value="10"/>
        <Loaded Value="True"/>
      </Unit10>
      <Unit11>
        <Filename Value="..\..\..\..\..\fpc\2.1.5\source\rtl\inc\objpash.inc"/>
        <CursorPos X="21" Y="156"/>
        <TopLine Value="135"/>
        <UsageCount Value="10"/>
      </Unit11>
    </Units>
    <JumpHistory Count="7" HistoryIndex="6">
      <Position1>
        <Filename Value="..\..\pLuaObject.pas"/>
        <Caret Line="905" Column="28" TopLine="875"/>
      </Position1>
      <Position2>
        <Filename Value="..\..\pLuaObject.pas"/>
        <Caret Line="911" Column="16" TopLine="875"/>
      </Position2>
      <Position3>
        <Filename Value="..\..\pLuaObject.pas"/>
        <Caret Line="78" Column="28" TopLine="68"/>
      </Position3>
      <Position4>
        <Filename Value="..\..\pLuaObject.pas"/>
        <Caret Line="77" Column="1" TopLine="49"/>
      </Position4>
      <Position5>
        <Filename Value="..\..\pLuaObject.pas"/>
        <Caret Line="816" Column="1" TopLine="804"/>
      </Position5>
      <Position6>
        <Filename Value="..\..\pLuaObject.pas"/>
        <Caret Line="913" Column="1" TopLine="882"/>
      </Position6>
      <Position7>
        <Filename Value="..\..\pLuaObject.pas"/>
        <Caret Line="900" Column="1" TopLine="879"/>
      </Position7>
    </JumpHistory>
  </ProjectOptions>
  <CompilerOptions>
    <Version Value="5"/>
    <PathDelim Value="\"/>
    <SearchPaths>
      <OtherUnitFiles Value="forms\;lib\;..\..\"/>
      <UnitOutputDirectory Value="bin"/>
    </SearchPaths>
    <CodeGeneration>
      <Generate Value="Faster"/>
    </CodeGeneration>
    <Linking>
      <Options>
        <Win32>
          <GraphicApplication Value="True"/>
        </Win32>
      </Options>
    </Linking>
    <Other>
      <CompilerPath Value="$(CompPath)"/>
    </Other>
  </CompilerOptions>
  <Debugging>
    <BreakPoints Count="1">
      <Item1>
        <Source Value="..\Turtle\lib\Turtle.pas"/>
        <Line Value="117"/>
      </Item1>
    </BreakPoints>
    <Watches Count="6">
      <Item1>
        <Expression Value="res[0]"/>
      </Item1>
      <Item2>
        <Expression Value="res"/>
      </Item2>
      <Item3>
        <Expression Value="nargs"/>
      </Item3>
      <Item4>
        <Expression Value="result"/>
      </Item4>
      <Item5>
        <Expression Value="results^[0]"/>
      </Item5>
      <Item6>
        <Expression Value="vr"/>
      </Item6>
    </Watches>
    <Exceptions Count="2">
      <Item1>
        <Name Value="ECodetoolError"/>
      </Item1>
      <Item2>
        <Name Value="EFOpenError"/>
      </Item2>
    </Exceptions>
  </Debugging>
</CONFIG>
